
Microsoft Visual Studio Solution File, Format Version 12.00
# Visual Studio Version 16
VisualStudioVersion = 16.0.31205.134
MinimumVisualStudioVersion = 10.0.40219.1
Project("{9A19103F-16F7-4668-BE54-9A1E7A4F7556}") = "DataImporter.Web", "DataImporter.Web\DataImporter.Web.csproj", "{88F2A915-4E32-4372-9115-0E1360706AB6}"
EndProject
Project("{9A19103F-16F7-4668-BE54-9A1E7A4F7556}") = "DataImporter.Membership", "DataImporter.Membership\DataImporter.Membership.csproj", "{5BA8C1AD-0E16-4097-B358-B1DFAD020E82}"
EndProject
Project("{FAE04EC0-301F-11D3-BF4B-00C04F79EFBC}") = "DataImporter.Data", "DataImporter.Data\DataImporter.Data.csproj", "{B9CCDA8E-0D21-40E1-A8C4-E4B90F7121BC}"
EndProject
Project("{FAE04EC0-301F-11D3-BF4B-00C04F79EFBC}") = "DataImporter.Import", "DataImporter.Import\DataImporter.Import.csproj", "{4F4E64BA-A500-44A3-9E8A-89D599ACEF70}"
EndProject
Project("{FAE04EC0-301F-11D3-BF4B-00C04F79EFBC}") = "DataImport.Worker", "DataImport.Worker\DataImport.Worker.csproj", "{11733653-12EA-4674-916A-6F353EC2A1B7}"
EndProject
Global
	GlobalSection(SolutionConfigurationPlatforms) = preSolution
		Debug|Any CPU = Debug|Any CPU
		Release|Any CPU = Release|Any CPU
	EndGlobalSection
	GlobalSection(ProjectConfigurationPlatforms) = postSolution
		{88F2A915-4E32-4372-9115-0E1360706AB6}.Debug|Any CPU.ActiveCfg = Debug|Any CPU
		{88F2A915-4E32-4372-9115-0E1360706AB6}.Debug|Any CPU.Build.0 = Debug|Any CPU
		{88F2A915-4E32-4372-9115-0E1360706AB6}.Release|Any CPU.ActiveCfg = Release|Any CPU
		{88F2A915-4E32-4372-9115-0E1360706AB6}.Release|Any CPU.Build.0 = Release|Any CPU
		{5BA8C1AD-0E16-4097-B358-B1DFAD020E82}.Debug|Any CPU.ActiveCfg = Debug|Any CPU
		{5BA8C1AD-0E16-4097-B358-B1DFAD020E82}.Debug|Any CPU.Build.0 = Debug|Any CPU
		{5BA8C1AD-0E16-4097-B358-B1DFAD020E82}.Release|Any CPU.ActiveCfg = Release|Any CPU
		{5BA8C1AD-0E16-4097-B358-B1DFAD020E82}.Release|Any CPU.Build.0 = Release|Any CPU
		{B9CCDA8E-0D21-40E1-A8C4-E4B90F7121BC}.Debug|Any CPU.ActiveCfg = Debug|Any CPU
		{B9CCDA8E-0D21-40E1-A8C4-E4B90F7121BC}.Debug|Any CPU.Build.0 = Debug|Any CPU
		{B9CCDA8E-0D21-40E1-A8C4-E4B90F7121BC}.Release|Any CPU.ActiveCfg = Release|Any CPU
		{B9CCDA8E-0D21-40E1-A8C4-E4B90F7121BC}.Release|Any CPU.Build.0 = Release|Any CPU
		{4F4E64BA-A500-44A3-9E8A-89D599ACEF70}.Debug|Any CPU.ActiveCfg = Debug|Any CPU
		{4F4E64BA-A500-44A3-9E8A-89D599ACEF70}.Debug|Any CPU.Build.0 = Debug|Any CPU
		{4F4E64BA-A500-44A3-9E8A-89D599ACEF70}.Release|Any CPU.ActiveCfg = Release|Any CPU
		{4F4E64BA-A500-44A3-9E8A-89D599ACEF70}.Release|Any CPU.Build.0 = Release|Any CPU
		{11733653-12EA-4674-916A-6F353EC2A1B7}.Debug|Any CPU.ActiveCfg = Debug|Any CPU
		{11733653-12EA-4674-916A-6F353EC2A1B7}.Debug|Any CPU.Build.0 = Debug|Any CPU
		{11733653-12EA-4674-916A-6F353EC2A1B7}.Release|Any CPU.ActiveCfg = Release|Any CPU
		{11733653-12EA-4674-916A-6F353EC2A1B7}.Release|Any CPU.Build.0 = Release|Any CPU
	EndGlobalSection
	GlobalSection(SolutionProperties) = preSolution
		HideSolutionNode = FALSE
	EndGlobalSection
	GlobalSection(ExtensibilityGlobals) = postSolution
		SolutionGuid = {01D9D04A-3A4D-4CAC-999B-B53D217398C4}
	EndGlobalSection
EndGlobal
